// !$*UTF8*$!
{
	archiveVersion = 1;
	classes = {
	};
	objectVersion = 77;
	objects = {

/* Begin PBXBuildFile section */
		B99B9DE9306B9D5100D41CA6 /* GoogleService-Info.plist in Resources */ = {isa = PBXBuildFile; fileRef = B99B9DE8306B9D5100D41CA6 /* GoogleService-Info.plist */; };
		B99F1378306BA2FB00614973 /* FirebaseAnalytics in Frameworks */ = {isa = PBXBuildFile; productRef = B99F1377306BA2FB00614973 /* FirebaseAnalytics */; };
		B99F137A306BA2FB00614973 /* FirebaseCrashlytics in Frameworks */ = {isa = PBXBuildFile; productRef = B99F1379306BA2FB00614973 /* FirebaseCrashlytics */; };
		B99F137C306BA2FB00614973 /* FirebasePerformance in Frameworks */ = {isa = PBXBuildFile; productRef = B99F137B306BA2FB00614973 /* FirebasePerformance */; };
		B9B199F4302D8D9B0021A532 /* Swinject in Frameworks */ = {isa = PBXBuildFile; productRef = B9B199F3302D8D9B0021A532 /* Swinject */; };
		B9B199F7302D8E190021A532 /* Alamofire in Frameworks */ = {isa = PBXBuildFile; productRef = B9B199F6302D8E190021A532 /* Alamofire */; };
/* End PBXBuildFile section */

/* Begin PBXContainerItemProxy section */
		B9B199B8302D89B70021A532 /* PBXContainerItemProxy */ = {
			isa = PBXContainerItemProxy;
			containerPortal = B9B19999302D89B70021A532 /* Project object */;
			proxyType = 1;
			remoteGlobalIDString = B9B199A0302D89B70021A532;
			remoteInfo = VibeFinderMobile;
		};
		B9B199C2302D89B70021A532 /* PBXContainerItemProxy */ = {
			isa = PBXContainerItemProxy;
			containerPortal = B9B19999302D89B70021A532 /* Project object */;
			proxyType = 1;
			remoteGlobalIDString = B9B199A0302D89B70021A532;
			remoteInfo = VibeFinderMobile;
		};
/* End PBXContainerItemProxy section */

/* Begin PBXFileReference section */
		B99B9DE8306B9D5100D41CA6 /* GoogleService-Info.plist */ = {isa = PBXFileReference; lastKnownFileType = text.plist.xml; path = "GoogleService-Info.plist"; sourceTree = "<group>"; };
		B9B199A1302D89B70021A532 /* VibeFinderMobile.app */ = {isa = PBXFileReference; explicitFileType = wrapper.application; includeInIndex = 0; path = VibeFinderMobile.app; sourceTree = BUILT_PRODUCTS_DIR; };
		B9B199B7302D89B70021A532 /* VibeFinderMobileTests.xctest */ = {isa = PBXFileReference; explicitFileType = wrapper.cfbundle; includeInIndex = 0; path = VibeFinderMobileTests.xctest; sourceTree = BUILT_PRODUCTS_DIR; };
		B9B199C1302D89B70021A532 /* VibeFinderMobileUITests.xctest */ = {isa = PBXFileReference; explicitFileType = wrapper.cfbundle; includeInIndex = 0; path = VibeFinderMobileUITests.xctest; sourceTree = BUILT_PRODUCTS_DIR; };
/* End PBXFileReference section */

/* Begin PBXFileSystemSynchronizedBuildFileExceptionSet section */
		B9B199C9302D89B70021A532 /* Exceptions for "VibeFinderMobile" folder in "VibeFinderMobile" target */ = {
			isa = PBXFileSystemSynchronizedBuildFileExceptionSet;
			membershipExceptions = (
				Info.plist,
			);
			target = B9B199A0302D89B70021A532 /* VibeFinderMobile */;
		};
/* End PBXFileSystemSynchronizedBuildFileExceptionSet section */

/* Begin PBXFileSystemSynchronizedRootGroup section */
		B9B199A3302D89B70021A532 /* VibeFinderMobile */ = {
			isa = PBXFileSystemSynchronizedRootGroup;
			exceptions = (
				B9B199C9302D89B70021A532 /* Exceptions for "VibeFinderMobile" folder in "VibeFinderMobile" target */,
			);
			path = VibeFinderMobile;
			sourceTree = "<group>";
		};
		B9B199BA302D89B70021A532 /* VibeFinderMobileTests */ = {
			isa = PBXFileSystemSynchronizedRootGroup;
			path = VibeFinderMobileTests;
			sourceTree = "<group>";
		};
		B9B199C4302D89B70021A532 /* VibeFinderMobileUITests */ = {
			isa = PBXFileSystemSynchronizedRootGroup;
			path = VibeFinderMobileUITests;
			sourceTree = "<group>";
		};
/* End PBXFileSystemSynchronizedRootGroup section */

/* Begin PBXFrameworksBuildPhase section */
		B9B1999E302D89B70021A532 /* Frameworks */ = {
			isa = PBXFrameworksBuildPhase;
			buildActionMask = 2147483647;
			files = (
				B9B199F7302D8E190021A532 /* Alamofire in Frameworks */,
				B99F137A306BA2FB00614973 /* FirebaseCrashlytics in Frameworks */,
				B99F137C306BA2FB00614973 /* FirebasePerformance in Frameworks */,
				B9B199F4302D8D9B0021A532 /* Swinject in Frameworks */,
				B99F1378306BA2FB00614973 /* FirebaseAnalytics in Frameworks */,
			);
			runOnlyForDeploymentPostprocessing = 0;
		};
		B9B199B4302D89B70021A532 /* Frameworks */ = {
			isa = PBXFrameworksBuildPhase;
			buildActionMask = 2147483647;
			files = (
			);
			runOnlyForDeploymentPostprocessing = 0;
		};
		B9B199BE302D89B70021A532 /* Frameworks */ = {
			isa = PBXFrameworksBuildPhase;
			buildActionMask = 2147483647;
			files = (
			);
			runOnlyForDeploymentPostprocessing = 0;
		};
/* End PBXFrameworksBuildPhase section */

/* Begin PBXGroup section */
		B9B19998302D89B70021A532 = {
			isa = PBXGroup;
			children = (
				B9B199A3302D89B70021A532 /* VibeFinderMobile */,
				B9B199BA302D89B70021A532 /* VibeFinderMobileTests */,
				B9B199C4302D89B70021A532 /* VibeFinderMobileUITests */,
				B99B9DE8306B9D5100D41CA6 /* GoogleService-Info.plist */,
				B9B199A2302D89B70021A532 /* Products */,
			);
			sourceTree = "<group>";
		};
		B9B199A2302D89B70021A532 /* Products */ = {
			isa = PBXGroup;
			children = (
				B9B199A1302D89B70021A532 /* VibeFinderMobile.app */,
				B9B199B7302D89B70021A532 /* VibeFinderMobileTests.xctest */,
				B9B199C1302D89B70021A532 /* VibeFinderMobileUITests.xctest */,
			);
			name = Products;
			sourceTree = "<group>";
		};
/* End PBXGroup section */

/* Begin PBXNativeTarget section */
		B9B199A0302D89B70021A532 /* VibeFinderMobile */ = {
			isa = PBXNativeTarget;
			buildConfigurationList = B9B199CA302D89B70021A532 /* Build configuration list for PBXNativeTarget "VibeFinderMobile" */;
			buildPhases = (
				B9B19DB0302E32000021A532 /* SwiftGen */,
				B9B19DB1302E36000021A532 /* SwiftLint */,
				B9B1999D302D89B70021A532 /* Sources */,
				B9B1999E302D89B70021A532 /* Frameworks */,
				B9B1999F302D89B70021A532 /* Resources */,
			);
			buildRules = (
			);
			dependencies = (
			);
			fileSystemSynchronizedGroups = (
				B9B199A3302D89B70021A532 /* VibeFinderMobile */,
			);
			name = VibeFinderMobile;
			packageProductDependencies = (
				B9B199F3302D8D9B0021A532 /* Swinject */,
				B9B199F6302D8E190021A532 /* Alamofire */,
				B99F1377306BA2FB00614973 /* FirebaseAnalytics */,
				B99F1379306BA2FB00614973 /* FirebaseCrashlytics */,
				B99F137B306BA2FB00614973 /* FirebasePerformance */,
			);
			productName = VibeFinderMobile;
			productReference = B9B199A1302D89B70021A532 /* VibeFinderMobile.app */;
			productType = "com.apple.product-type.application";
		};
		B9B199B6302D89B70021A532 /* VibeFinderMobileTests */ = {
			isa = PBXNativeTarget;
			buildConfigurationList = B9B199CF302D89B70021A532 /* Build configuration list for PBXNativeTarget "VibeFinderMobileTests" */;
			buildPhases = (
				B9B199B3302D89B70021A532 /* Sources */,
				B9B199B4302D89B70021A532 /* Frameworks */,
				B9B199B5302D89B70021A532 /* Resources */,
			);
			buildRules = (
			);
			dependencies = (
				B9B199B9302D89B70021A532 /* PBXTargetDependency */,
			);
			fileSystemSynchronizedGroups = (
				B9B199BA302D89B70021A532 /* VibeFinderMobileTests */,
			);
			name = VibeFinderMobileTests;
			packageProductDependencies = (
			);
			productName = VibeFinderMobileTests;
			productReference = B9B199B7302D89B70021A532 /* VibeFinderMobileTests.xctest */;
			productType = "com.apple.product-type.bundle.unit-test";
		};
		B9B199C0302D89B70021A532 /* VibeFinderMobileUITests */ = {
			isa = PBXNativeTarget;
			buildConfigurationList = B9B199D2302D89B70021A532 /* Build configuration list for PBXNativeTarget "VibeFinderMobileUITests" */;
			buildPhases = (
				B9B199BD302D89B70021A532 /* Sources */,
				B9B199BE302D89B70021A532 /* Frameworks */,
				B9B199BF302D89B70021A532 /* Resources */,
			);
			buildRules = (
			);
			dependencies = (
				B9B199C3302D89B70021A532 /* PBXTargetDependency */,
			);
			fileSystemSynchronizedGroups = (
				B9B199C4302D89B70021A532 /* VibeFinderMobileUITests */,
			);
			name = VibeFinderMobileUITests;
			packageProductDependencies = (
			);
			productName = VibeFinderMobileUITests;
			productReference = B9B199C1302D89B70021A532 /* VibeFinderMobileUITests.xctest */;
			productType = "com.apple.product-type.bundle.ui-testing";
		};
/* End PBXNativeTarget section */

/* Begin PBXProject section */
		B9B19999302D89B70021A532 /* Project object */ = {
			isa = PBXProject;
			attributes = {
				BuildIndependentTargetsInParallel = 1;
				LastSwiftUpdateCheck = 2600;
				LastUpgradeCheck = 2600;
				TargetAttributes = {
					B9B199A0302D89B70021A532 = {
						CreatedOnToolsVersion = 26.0;
					};
					B9B199B6302D89B70021A532 = {
						CreatedOnToolsVersion = 26.0;
						TestTargetID = B9B199A0302D89B70021A532;
					};
					B9B199C0302D89B70021A532 = {
						CreatedOnToolsVersion = 26.0;
						TestTargetID = B9B199A0302D89B70021A532;
					};
				};
			};
			buildConfigurationList = B9B1999C302D89B70021A532 /* Build configuration list for PBXProject "VibeFinderMobile" */;
			developmentRegion = en;
			hasScannedForEncodings = 0;
			knownRegions = (
				en,
				Base,
				ru,
			);
			mainGroup = B9B19998302D89B70021A532;
			minimizedProjectReferenceProxies = 1;
			packageReferences = (
				B9B199F2302D8D9B0021A532 /* XCRemoteSwiftPackageReference "Swinject" */,
				B9B199F5302D8E190021A532 /* XCRemoteSwiftPackageReference "Alamofire" */,
				B99F1376306BA2FB00614973 /* XCRemoteSwiftPackageReference "firebase-ios-sdk" */,
			);
			preferredProjectObjectVersion = 77;
			productRefGroup = B9B199A2302D89B70021A532 /* Products */;
			projectDirPath = "";
			projectRoot = "";
			targets = (
				B9B199A0302D89B70021A532 /* VibeFinderMobile */,
				B9B199B6302D89B70021A532 /* VibeFinderMobileTests */,
				B9B199C0302D89B70021A532 /* VibeFinderMobileUITests */,
			);
		};
/* End PBXProject section */

/* Begin PBXResourcesBuildPhase section */
		B9B1999F302D89B70021A532 /* Resources */ = {
			isa = PBXResourcesBuildPhase;
			buildActionMask = 2147483647;
			files = (
				B99B9DE9306B9D5100D41CA6 /* GoogleService-Info.plist in Resources */,
			);
			runOnlyForDeploymentPostprocessing = 0;
		};
		B9B199B5302D89B70021A532 /* Resources */ = {
			isa = PBXResourcesBuildPhase;
			buildActionMask = 2147483647;
			files = (
			);
			runOnlyForDeploymentPostprocessing = 0;
		};
		B9B199BF302D89B70021A532 /* Resources */ = {
			isa = PBXResourcesBuildPhase;
			buildActionMask = 2147483647;
			files = (
			);
			runOnlyForDeploymentPostprocessing = 0;
		};
/* End PBXResourcesBuildPhase section */

/* Begin PBXShellScriptBuildPhase section */
		B9B19DB0302E32000021A532 /* SwiftGen */ = {
			isa = PBXShellScriptBuildPhase;
			buildActionMask = 2147483647;
			files = (
			);
			inputFileListPaths = (
			);
			inputPaths = (
				"$(SRCROOT)/swiftgen.yml",
				"$(SRCROOT)/VibeFinderMobile/Assets.xcassets",
				"$(SRCROOT)/VibeFinderMobile/en.lproj/Localizable.strings",
			);
			name = SwiftGen;
			outputFileListPaths = (
			);
			outputPaths = (
				"$(SRCROOT)/VibeFinderMobile/Generated/Assets.swift",
				"$(SRCROOT)/VibeFinderMobile/Generated/Strings.swift",
			);
			runOnlyForDeploymentPostprocessing = 0;
			shellPath = /bin/sh;
			shellScript = "export PATH=\"/opt/homebrew/bin:/usr/local/bin:$PATH\"\nmkdir -p \"${SRCROOT}/VibeFinderMobile/Generated\"\n\nif command -v swiftgen >/dev/null; then\n  swiftgen config run --config \"${SRCROOT}/swiftgen.yml\"\nelse\n  echo \"warning: SwiftGen not installed. Install it with: brew install swiftgen\"\nfi\n";
		};
		B9B19DB1302E36000021A532 /* SwiftLint */ = {
			isa = PBXShellScriptBuildPhase;
			alwaysOutOfDate = 1;
			buildActionMask = 2147483647;
			files = (
			);
			inputFileListPaths = (
			);
			inputPaths = (
				"$(SRCROOT)/.swiftlint.yml",
				"$(SRCROOT)/VibeFinderMobile",
				"$(SRCROOT)/VibeFinderMobileTests",
				"$(SRCROOT)/VibeFinderMobileUITests",
			);
			name = SwiftLint;
			outputFileListPaths = (
			);
			outputPaths = (
			);
			runOnlyForDeploymentPostprocessing = 0;
			shellPath = /bin/sh;
			shellScript = "export PATH=\"/opt/homebrew/bin:/usr/local/bin:$PATH\"\n\nif [ \"$(xcode-select -p)\" = \"/Library/Developer/CommandLineTools\" ] && [ -d \"/Applications/Xcode.app/Contents/Developer\" ]; then\n  export DEVELOPER_DIR=\"/Applications/Xcode.app/Contents/Developer\"\nfi\n\nif command -v swiftlint >/dev/null; then\n  swiftlint --config \"${SRCROOT}/.swiftlint.yml\"\nelse\n  echo \"warning: SwiftLint not installed. Install it with: brew install swiftlint\"\nfi\n";
		};
/* End PBXShellScriptBuildPhase section */

/* Begin PBXSourcesBuildPhase section */
		B9B1999D302D89B70021A532 /* Sources */ = {
			isa = PBXSourcesBuildPhase;
			buildActionMask = 2147483647;
			files = (
			);
			runOnlyForDeploymentPostprocessing = 0;
		};
		B9B199B3302D89B70021A532 /* Sources */ = {
			isa = PBXSourcesBuildPhase;
			buildActionMask = 2147483647;
			files = (
			);
			runOnlyForDeploymentPostprocessing = 0;
		};
		B9B199BD302D89B70021A532 /* Sources */ = {
			isa = PBXSourcesBuildPhase;
			buildActionMask = 2147483647;
			files = (
			);
			runOnlyForDeploymentPostprocessing = 0;
		};
/* End PBXSourcesBuildPhase section */

/* Begin PBXTargetDependency section */
		B9B199B9302D89B70021A532 /* PBXTargetDependency */ = {
			isa = PBXTargetDependency;
			target = B9B199A0302D89B70021A532 /* VibeFinderMobile */;
			targetProxy = B9B199B8302D89B70021A532 /* PBXContainerItemProxy */;
		};
		B9B199C3302D89B70021A532 /* PBXTargetDependency */ = {
			isa = PBXTargetDependency;
			target = B9B199A0302D89B70021A532 /* VibeFinderMobile */;
			targetProxy = B9B199C2302D89B70021A532 /* PBXContainerItemProxy */;
		};
/* End PBXTargetDependency section */

/* Begin XCBuildConfiguration section */
		B9B199CB302D89B70021A532 /* Debug */ = {
			isa = XCBuildConfiguration;
			buildSettings = {
				ASSETCATALOG_COMPILER_APPICON_NAME = AppIcon;
				ASSETCATALOG_COMPILER_GLOBAL_ACCENT_COLOR_NAME = AccentColor;
				CODE_SIGN_STYLE = Automatic;
				CURRENT_PROJECT_VERSION = 1;
				DEVELOPMENT_TEAM = YWCK7662S6;
				GENERATE_INFOPLIST_FILE = YES;
				INFOPLIST_FILE = VibeFinderMobile/Info.plist;
				INFOPLIST_KEY_UIApplicationSupportsIndirectInputEvents = YES;
				INFOPLIST_KEY_UILaunchStoryboardName = LaunchScreen;
				INFOPLIST_KEY_UISupportedInterfaceOrientations_iPad = "UIInterfaceOrientationPortrait UIInterfaceOrientationPortraitUpsideDown UIInterfaceOrientationLandscapeLeft UIInterfaceOrientationLandscapeRight";
				INFOPLIST_KEY_UISupportedInterfaceOrientations_iPhone = "UIInterfaceOrientationPortrait UIInterfaceOrientationLandscapeLeft UIInterfaceOrientationLandscapeRight";
				INFOPLIST_KEY_UIUserInterfaceStyle = Dark;
				LD_RUNPATH_SEARCH_PATHS = (
					"$(inherited)",
					"@executable_path/Frameworks",
				);
				MARKETING_VERSION = 1.0;
				PRODUCT_BUNDLE_IDENTIFIER = com.ArthurBagautdinov.VibeFinderMobile;
				PRODUCT_NAME = "$(TARGET_NAME)";
				STRING_CATALOG_GENERATE_SYMBOLS = YES;
				SWIFT_APPROACHABLE_CONCURRENCY = YES;
				SWIFT_DEFAULT_ACTOR_ISOLATION = MainActor;
				SWIFT_EMIT_LOC_STRINGS = YES;
				SWIFT_UPCOMING_FEATURE_MEMBER_IMPORT_VISIBILITY = YES;
				SWIFT_VERSION = 5.0;
				TARGETED_DEVICE_FAMILY = "1,2";
			};
			name = Debug;
		};
		B9B199CC302D89B70021A532 /* Release */ = {
			isa = XCBuildConfiguration;
			buildSettings = {
				ASSETCATALOG_COMPILER_APPICON_NAME = AppIcon;
				ASSETCATALOG_COMPILER_GLOBAL_ACCENT_COLOR_NAME = AccentColor;
				CODE_SIGN_STYLE = Automatic;
				CURRENT_PROJECT_VERSION = 1;
				DEVELOPMENT_TEAM = YWCK7662S6;
				GENERATE_INFOPLIST_FILE = YES;
				INFOPLIST_FILE = VibeFinderMobile/Info.plist;
				INFOPLIST_KEY_UIApplicationSupportsIndirectInputEvents = YES;
				INFOPLIST_KEY_UILaunchStoryboardName = LaunchScreen;
				INFOPLIST_KEY_UISupportedInterfaceOrientations_iPad = "UIInterfaceOrientationPortrait UIInterfaceOrientationPortraitUpsideDown UIInterfaceOrientationLandscapeLeft UIInterfaceOrientationLandscapeRight";
				INFOPLIST_KEY_UISupportedInterfaceOrientations_iPhone = "UIInterfaceOrientationPortrait UIInterfaceOrientationLandscapeLeft UIInterfaceOrientationLandscapeRight";
				INFOPLIST_KEY_UIUserInterfaceStyle = Dark;
				LD_RUNPATH_SEARCH_PATHS = (
					"$(inherited)",
					"@executable_path/Frameworks",
				);
				MARKETING_VERSION = 1.0;
				PRODUCT_BUNDLE_IDENTIFIER = com.ArthurBagautdinov.VibeFinderMobile;
				PRODUCT_NAME = "$(TARGET_NAME)";
				STRING_CATALOG_GENERATE_SYMBOLS = YES;
				SWIFT_APPROACHABLE_CONCURRENCY = YES;
				SWIFT_DEFAULT_ACTOR_ISOLATION = MainActor;
				SWIFT_EMIT_LOC_STRINGS = YES;
				SWIFT_UPCOMING_FEATURE_MEMBER_IMPORT_VISIBILITY = YES;
				SWIFT_VERSION = 5.0;
				TARGETED_DEVICE_FAMILY = "1,2";
			};
			name = Release;
		};
		B9B199CD302D89B70021A532 /* Debug */ = {
			isa = XCBuildConfiguration;
			buildSettings = {
				ALWAYS_SEARCH_USER_PATHS = NO;
				ASSETCATALOG_COMPILER_GENERATE_SWIFT_ASSET_SYMBOL_EXTENSIONS = YES;
				CLANG_ANALYZER_NONNULL = YES;
				CLANG_ANALYZER_NUMBER_OBJECT_CONVERSION = YES_AGGRESSIVE;
				CLANG_CXX_LANGUAGE_STANDARD = "gnu++20";
				CLANG_ENABLE_MODULES = YES;
				CLANG_ENABLE_OBJC_ARC = YES;
				CLANG_ENABLE_OBJC_WEAK = YES;
				CLANG_WARN_BLOCK_CAPTURE_AUTORELEASING = YES;
				CLANG_WARN_BOOL_CONVERSION = YES;
				CLANG_WARN_COMMA = YES;
				CLANG_WARN_CONSTANT_CONVERSION = YES;
				CLANG_WARN_DEPRECATED_OBJC_IMPLEMENTATIONS = YES;
				CLANG_WARN_DIRECT_OBJC_ISA_USAGE = YES_ERROR;
				CLANG_WARN_DOCUMENTATION_COMMENTS = YES;
				CLANG_WARN_EMPTY_BODY = YES;
				CLANG_WARN_ENUM_CONVERSION = YES;
				CLANG_WARN_INFINITE_RECURSION = YES;
				CLANG_WARN_INT_CONVERSION = YES;
				CLANG_WARN_NON_LITERAL_NULL_CONVERSION = YES;
				CLANG_WARN_OBJC_IMPLICIT_RETAIN_SELF = YES;
				CLANG_WARN_OBJC_LITERAL_CONVERSION = YES;
				CLANG_WARN_OBJC_ROOT_CLASS = YES_ERROR;
				CLANG_WARN_QUOTED_INCLUDE_IN_FRAMEWORK_HEADER = YES;
				CLANG_WARN_RANGE_LOOP_ANALYSIS = YES;
				CLANG_WARN_STRICT_PROTOTYPES = YES;
				CLANG_WARN_SUSPICIOUS_MOVE = YES;
				CLANG_WARN_UNGUARDED_AVAILABILITY = YES_AGGRESSIVE;
				CLANG_WARN_UNREACHABLE_CODE = YES;
				CLANG_WARN__DUPLICATE_METHOD_MATCH = YES;
				COPY_PHASE_STRIP = NO;
				DEBUG_INFORMATION_FORMAT = dwarf;
				DEVELOPMENT_TEAM = YWCK7662S6;
				ENABLE_STRICT_OBJC_MSGSEND = YES;
				ENABLE_TESTABILITY = YES;
				ENABLE_USER_SCRIPT_SANDBOXING = YES;
				GCC_C_LANGUAGE_STANDARD = gnu17;
				GCC_DYNAMIC_NO_PIC = NO;
				GCC_NO_COMMON_BLOCKS = YES;
				GCC_OPTIMIZATION_LEVEL = 0;
				GCC_PREPROCESSOR_DEFINITIONS = (
					"DEBUG=1",
					"$(inherited)",
				);
				GCC_WARN_64_TO_32_BIT_CONVERSION = YES;
				GCC_WARN_ABOUT_RETURN_TYPE = YES_ERROR;
				GCC_WARN_UNDECLARED_SELECTOR = YES;
				GCC_WARN_UNINITIALIZED_AUTOS = YES_AGGRESSIVE;
				GCC_WARN_UNUSED_FUNCTION = YES;
				GCC_WARN_UNUSED_VARIABLE = YES;
				IPHONEOS_DEPLOYMENT_TARGET = 26.0;
				LOCALIZATION_PREFERS_STRING_CATALOGS = YES;
				MTL_ENABLE_DEBUG_INFO = INCLUDE_SOURCE;
				MTL_FAST_MATH = YES;
				ONLY_ACTIVE_ARCH = YES;
				SDKROOT = iphoneos;
				SWIFT_ACTIVE_COMPILATION_CONDITIONS = "DEBUG $(inherited)";
				SWIFT_OPTIMIZATION_LEVEL = "-Onone";
			};
			name = Debug;
		};
		B9B199CE302D89B70021A532 /* Release */ = {
			isa = XCBuildConfiguration;
			buildSettings = {
				ALWAYS_SEARCH_USER_PATHS = NO;
				ASSETCATALOG_COMPILER_GENERATE_SWIFT_ASSET_SYMBOL_EXTENSIONS = YES;
				CLANG_ANALYZER_NONNULL = YES;
				CLANG_ANALYZER_NUMBER_OBJECT_CONVERSION = YES_AGGRESSIVE;
				CLANG_CXX_LANGUAGE_STANDARD = "gnu++20";
				CLANG_ENABLE_MODULES = YES;
				CLANG_ENABLE_OBJC_ARC = YES;
				CLANG_ENABLE_OBJC_WEAK = YES;
				CLANG_WARN_BLOCK_CAPTURE_AUTORELEASING = YES;
				CLANG_WARN_BOOL_CONVERSION = YES;
				CLANG_WARN_COMMA = YES;
				CLANG_WARN_CONSTANT_CONVERSION = YES;
				CLANG_WARN_DEPRECATED_OBJC_IMPLEMENTATIONS = YES;
				CLANG_WARN_DIRECT_OBJC_ISA_USAGE = YES_ERROR;
				CLANG_WARN_DOCUMENTATION_COMMENTS = YES;
				CLANG_WARN_EMPTY_BODY = YES;
				CLANG_WARN_ENUM_CONVERSION = YES;
				CLANG_WARN_INFINITE_RECURSION = YES;
				CLANG_WARN_INT_CONVERSION = YES;
				CLANG_WARN_NON_LITERAL_NULL_CONVERSION = YES;
				CLANG_WARN_OBJC_IMPLICIT_RETAIN_SELF = YES;
				CLANG_WARN_OBJC_LITERAL_CONVERSION = YES;
				CLANG_WARN_OBJC_ROOT_CLASS = YES_ERROR;
				CLANG_WARN_QUOTED_INCLUDE_IN_FRAMEWORK_HEADER = YES;
				CLANG_WARN_RANGE_LOOP_ANALYSIS = YES;
				CLANG_WARN_STRICT_PROTOTYPES = YES;
				CLANG_WARN_SUSPICIOUS_MOVE = YES;
				CLANG_WARN_UNGUARDED_AVAILABILITY = YES_AGGRESSIVE;
				CLANG_WARN_UNREACHABLE_CODE = YES;
				CLANG_WARN__DUPLICATE_METHOD_MATCH = YES;
				COPY_PHASE_STRIP = NO;
				DEBUG_INFORMATION_FORMAT = "dwarf-with-dsym";
				DEVELOPMENT_TEAM = YWCK7662S6;
				ENABLE_NS_ASSERTIONS = NO;
				ENABLE_STRICT_OBJC_MSGSEND = YES;
				ENABLE_USER_SCRIPT_SANDBOXING = YES;
				GCC_C_LANGUAGE_STANDARD = gnu17;
				GCC_NO_COMMON_BLOCKS = YES;
				GCC_WARN_64_TO_32_BIT_CONVERSION = YES;
				GCC_WARN_ABOUT_RETURN_TYPE = YES_ERROR;
				GCC_WARN_UNDECLARED_SELECTOR = YES;
				GCC_WARN_UNINITIALIZED_AUTOS = YES_AGGRESSIVE;
				GCC_WARN_UNUSED_FUNCTION = YES;
				GCC_WARN_UNUSED_VARIABLE = YES;
				IPHONEOS_DEPLOYMENT_TARGET = 26.0;
				LOCALIZATION_PREFERS_STRING_CATALOGS = YES;
				MTL_ENABLE_DEBUG_INFO = NO;
				MTL_FAST_MATH = YES;
				SDKROOT = iphoneos;
				SWIFT_COMPILATION_MODE = wholemodule;
				VALIDATE_PRODUCT = YES;
			};
			name = Release;
		};
		B9B199D0302D89B70021A532 /* Debug */ = {
			isa = XCBuildConfiguration;
			buildSettings = {
				BUNDLE_LOADER = "$(TEST_HOST)";
				CODE_SIGN_STYLE = Automatic;
				CURRENT_PROJECT_VERSION = 1;
				DEVELOPMENT_TEAM = YWCK7662S6;
				GENERATE_INFOPLIST_FILE = YES;
				IPHONEOS_DEPLOYMENT_TARGET = 26.0;
				MARKETING_VERSION = 1.0;
				PRODUCT_BUNDLE_IDENTIFIER = com.coolOrganization.VibeFinderMobileTests;
				PRODUCT_NAME = "$(TARGET_NAME)";
				STRING_CATALOG_GENERATE_SYMBOLS = NO;
				SWIFT_APPROACHABLE_CONCURRENCY = YES;
				SWIFT_EMIT_LOC_STRINGS = NO;
				SWIFT_UPCOMING_FEATURE_MEMBER_IMPORT_VISIBILITY = YES;
				SWIFT_VERSION = 5.0;
				TARGETED_DEVICE_FAMILY = "1,2";
				TEST_HOST = "$(BUILT_PRODUCTS_DIR)/VibeFinderMobile.app/$(BUNDLE_EXECUTABLE_FOLDER_PATH)/VibeFinderMobile";
			};
			name = Debug;
		};
		B9B199D1302D89B70021A532 /* Release */ = {
			isa = XCBuildConfiguration;
			buildSettings = {
				BUNDLE_LOADER = "$(TEST_HOST)";
				CODE_SIGN_STYLE = Automatic;
				CURRENT_PROJECT_VERSION = 1;
				DEVELOPMENT_TEAM = YWCK7662S6;
				GENERATE_INFOPLIST_FILE = YES;
				IPHONEOS_DEPLOYMENT_TARGET = 26.0;
				MARKETING_VERSION = 1.0;
				PRODUCT_BUNDLE_IDENTIFIER = com.coolOrganization.VibeFinderMobileTests;
				PRODUCT_NAME = "$(TARGET_NAME)";
				STRING_CATALOG_GENERATE_SYMBOLS = NO;
				SWIFT_APPROACHABLE_CONCURRENCY = YES;
				SWIFT_EMIT_LOC_STRINGS = NO;
				SWIFT_UPCOMING_FEATURE_MEMBER_IMPORT_VISIBILITY = YES;
				SWIFT_VERSION = 5.0;
				TARGETED_DEVICE_FAMILY = "1,2";
				TEST_HOST = "$(BUILT_PRODUCTS_DIR)/VibeFinderMobile.app/$(BUNDLE_EXECUTABLE_FOLDER_PATH)/VibeFinderMobile";
			};
			name = Release;
		};
		B9B199D3302D89B70021A532 /* Debug */ = {
			isa = XCBuildConfiguration;
			buildSettings = {
				CODE_SIGN_STYLE = Automatic;
				CURRENT_PROJECT_VERSION = 1;
				DEVELOPMENT_TEAM = YWCK7662S6;
				GENERATE_INFOPLIST_FILE = YES;
				MARKETING_VERSION = 1.0;
				PRODUCT_BUNDLE_IDENTIFIER = com.coolOrganization.VibeFinderMobileUITests;
				PRODUCT_NAME = "$(TARGET_NAME)";
				STRING_CATALOG_GENERATE_SYMBOLS = NO;
				SWIFT_APPROACHABLE_CONCURRENCY = YES;
				SWIFT_EMIT_LOC_STRINGS = NO;
				SWIFT_UPCOMING_FEATURE_MEMBER_IMPORT_VISIBILITY = YES;
				SWIFT_VERSION = 5.0;
				TARGETED_DEVICE_FAMILY = "1,2";
				TEST_TARGET_NAME = VibeFinderMobile;
			};
			name = Debug;
		};
		B9B199D4302D89B70021A532 /* Release */ = {
			isa = XCBuildConfiguration;
			buildSettings = {
				CODE_SIGN_STYLE = Automatic;
				CURRENT_PROJECT_VERSION = 1;
				DEVELOPMENT_TEAM = YWCK7662S6;
				GENERATE_INFOPLIST_FILE = YES;
				MARKETING_VERSION = 1.0;
				PRODUCT_BUNDLE_IDENTIFIER = com.coolOrganization.VibeFinderMobileUITests;
				PRODUCT_NAME = "$(TARGET_NAME)";
				STRING_CATALOG_GENERATE_SYMBOLS = NO;
				SWIFT_APPROACHABLE_CONCURRENCY = YES;
				SWIFT_EMIT_LOC_STRINGS = NO;
				SWIFT_UPCOMING_FEATURE_MEMBER_IMPORT_VISIBILITY = YES;
				SWIFT_VERSION = 5.0;
				TARGETED_DEVICE_FAMILY = "1,2";
				TEST_TARGET_NAME = VibeFinderMobile;
			};
			name = Release;
		};
/* End XCBuildConfiguration section */

/* Begin XCConfigurationList section */
		B9B1999C302D89B70021A532 /* Build configuration list for PBXProject "VibeFinderMobile" */ = {
			isa = XCConfigurationList;
			buildConfigurations = (
				B9B199CD302D89B70021A532 /* Debug */,
				B9B199CE302D89B70021A532 /* Release */,
			);
			defaultConfigurationIsVisible = 0;
			defaultConfigurationName = Release;
		};
		B9B199CA302D89B70021A532 /* Build configuration list for PBXNativeTarget "VibeFinderMobile" */ = {
			isa = XCConfigurationList;
			buildConfigurations = (
				B9B199CB302D89B70021A532 /* Debug */,
				B9B199CC302D89B70021A532 /* Release */,
			);
			defaultConfigurationIsVisible = 0;
			defaultConfigurationName = Release;
		};
		B9B199CF302D89B70021A532 /* Build configuration list for PBXNativeTarget "VibeFinderMobileTests" */ = {
			isa = XCConfigurationList;
			buildConfigurations = (
				B9B199D0302D89B70021A532 /* Debug */,
				B9B199D1302D89B70021A532 /* Release */,
			);
			defaultConfigurationIsVisible = 0;
			defaultConfigurationName = Release;
		};
		B9B199D2302D89B70021A532 /* Build configuration list for PBXNativeTarget "VibeFinderMobileUITests" */ = {
			isa = XCConfigurationList;
			buildConfigurations = (
				B9B199D3302D89B70021A532 /* Debug */,
				B9B199D4302D89B70021A532 /* Release */,
			);
			defaultConfigurationIsVisible = 0;
			defaultConfigurationName = Release;
		};
/* End XCConfigurationList section */

/* Begin XCRemoteSwiftPackageReference section */
		B99F1376306BA2FB00614973 /* XCRemoteSwiftPackageReference "firebase-ios-sdk" */ = {
			isa = XCRemoteSwiftPackageReference;
			repositoryURL = "https://github.com/firebase/firebase-ios-sdk";
			requirement = {
				kind = upToNextMajorVersion;
				minimumVersion = 12.19.2;
			};
		};
		B9B199F2302D8D9B0021A532 /* XCRemoteSwiftPackageReference "Swinject" */ = {
			isa = XCRemoteSwiftPackageReference;
			repositoryURL = "https://github.com/Swinject/Swinject.git";
			requirement = {
				kind = upToNextMajorVersion;
				minimumVersion = 2.10.0;
			};
		};
		B9B199F5302D8E190021A532 /* XCRemoteSwiftPackageReference "Alamofire" */ = {
			isa = XCRemoteSwiftPackageReference;
			repositoryURL = "https://github.com/Alamofire/Alamofire.git";
			requirement = {
				kind = upToNextMajorVersion;
				minimumVersion = 5.12.0;
			};
		};
/* End XCRemoteSwiftPackageReference section */

/* Begin XCSwiftPackageProductDependency section */
		B99F1377306BA2FB00614973 /* FirebaseAnalytics */ = {
			isa = XCSwiftPackageProductDependency;
			package = B99F1376306BA2FB00614973 /* XCRemoteSwiftPackageReference "firebase-ios-sdk" */;
			productName = FirebaseAnalytics;
		};
		B99F1379306BA2FB00614973 /* FirebaseCrashlytics */ = {
			isa = XCSwiftPackageProductDependency;
			package = B99F1376306BA2FB00614973 /* XCRemoteSwiftPackageReference "firebase-ios-sdk" */;
			productName = FirebaseCrashlytics;
		};
		B99F137B306BA2FB00614973 /* FirebasePerformance */ = {
			isa = XCSwiftPackageProductDependency;
			package = B99F1376306BA2FB00614973 /* XCRemoteSwiftPackageReference "firebase-ios-sdk" */;
			productName = FirebasePerformance;
		};
		B9B199F3302D8D9B0021A532 /* Swinject */ = {
			isa = XCSwiftPackageProductDependency;
			package = B9B199F2302D8D9B0021A532 /* XCRemoteSwiftPackageReference "Swinject" */;
			productName = Swinject;
		};
		B9B199F6302D8E190021A532 /* Alamofire */ = {
			isa = XCSwiftPackageProductDependency;
			package = B9B199F5302D8E190021A532 /* XCRemoteSwiftPackageReference "Alamofire" */;
			productName = Alamofire;
		};
/* End XCSwiftPackageProductDependency section */
	};
	rootObject = B9B19999302D89B70021A532 /* Project object */;
}
